# This file is automatically @generated by Poetry 2.0.1 and should not be changed by hand.

[[package]]
name = "asgiref"
version = "3.8.1"
description = "ASGI specs, helper code, and adapters"
optional = false
python-versions = ">=3.8"
groups = ["main"]
files = [
    {file = "asgiref-3.8.1-py3-none-any.whl", hash = "sha256:3e1e3ecc849832fe52ccf2cb6686b7a55f82bb1d6aee72a58826471390335e47"},
    {file = "asgiref-3.8.1.tar.gz", hash = "sha256:c343bd80a0bec947a9860adb4c432ffa7db769836c64238fc34bdc3fec84d590"},
]

[package.extras]
tests = ["mypy (>=0.800)", "pytest", "pytest-asyncio"]

[[package]]
name = "crispy-bootstrap4"
version = "2024.10"
description = "Bootstrap4 template pack for django-crispy-forms"
optional = false
python-versions = ">=3.8"
groups = ["main"]
files = [
    {file = "crispy-bootstrap4-2024.10.tar.gz", hash = "sha256:503e8922b0f3b5262a6fdf303a3a94eb2a07514812f1ca130b88f7c02dd25e2b"},
    {file = "crispy_bootstrap4-2024.10-py3-none-any.whl", hash = "sha256:138a97884044ae4c4799c80595b36c42066e4e933431e2e971611e251c84f96c"},
]

[package.dependencies]
django = ">=4.2"
django-crispy-forms = ">=2.3"

[[package]]
name = "django"
version = "5.1.5"
description = "A high-level Python web framework that encourages rapid development and clean, pragmatic design."
optional = false
python-versions = ">=3.10"
groups = ["main"]
files = [
    {file = "Django-5.1.5-py3-none-any.whl", hash = "sha256:c46eb936111fffe6ec4bc9930035524a8be98ec2f74d8a0ff351226a3e52f459"},
    {file = "Django-5.1.5.tar.gz", hash = "sha256:19bbca786df50b9eca23cee79d495facf55c8f5c54c529d9bf1fe7b5ea086af3"},
]

[package.dependencies]
asgiref = ">=3.8.1,<4"
sqlparse = ">=0.3.1"
tzdata = {version = "*", markers = "sys_platform == \"win32\""}

[package.extras]
argon2 = ["argon2-cffi (>=19.1.0)"]
bcrypt = ["bcrypt"]

[[package]]
name = "django-crispy-forms"
version = "2.3"
description = "Best way to have Django DRY forms"
optional = false
python-versions = ">=3.8"
groups = ["main"]
files = [
    {file = "django_crispy_forms-2.3-py3-none-any.whl", hash = "sha256:efc4c31e5202bbec6af70d383a35e12fc80ea769d464fb0e7fe21768bb138a20"},
    {file = "django_crispy_forms-2.3.tar.gz", hash = "sha256:2db17ae08527201be1273f0df789e5f92819e23dd28fec69cffba7f3762e1a38"},
]

[package.dependencies]
django = ">=4.2"

[[package]]
name = "sqlparse"
version = "0.5.3"
description = "A non-validating SQL parser."
optional = false
python-versions = ">=3.8"
groups = ["main"]
files = [
    {file = "sqlparse-0.5.3-py3-none-any.whl", hash = "sha256:cf2196ed3418f3ba5de6af7e82c694a9fbdbfecccdfc72e281548517081f16ca"},
    {file = "sqlparse-0.5.3.tar.gz", hash = "sha256:09f67787f56a0b16ecdbde1bfc7f5d9c3371ca683cfeaa8e6ff60b4807ec9272"},
]

[package.extras]
dev = ["build", "hatch"]
doc = ["sphinx"]

[[package]]
name = "tzdata"
version = "2025.1"
description = "Provider of IANA time zone data"
optional = false
python-versions = ">=2"
groups = ["main"]
markers = "sys_platform == \"win32\""
files = [
    {file = "tzdata-2025.1-py2.py3-none-any.whl", hash = "sha256:7e127113816800496f027041c570f50bcd464a020098a3b6b199517772303639"},
    {file = "tzdata-2025.1.tar.gz", hash = "sha256:24894909e88cdb28bd1636c6887801df64cb485bd593f2fd83ef29075a81d694"},
]

[metadata]
lock-version = "2.1"
python-versions = "^3.12"
content-hash = "0d8e1b23af63df8133aeb1991335d180bf41f8994261447b1aa3af03c3f00023"
